
Microsoft Visual Studio Solution File, Format Version 12.00
# Visual Studio 15
Project("{FAE04EC0-301F-11D3-BF4B-00C04F79EFBC}") = "GuessingGame2", "GuessingGame2\GuessingGame2.csproj", "{3B482CC6-75F2-462A-B6DA-D79EEB29AF02}"
EndProject
Global
	GlobalSection(SolutionConfigurationPlatforms) = preSolution
		Debug|Any CPU = Debug|Any CPU
		Release|Any CPU = Release|Any CPU
	EndGlobalSection
	GlobalSection(ProjectConfigurationPlatforms) = postSolution
		{3B482CC6-75F2-462A-B6DA-D79EEB29AF02}.Debug|Any CPU.ActiveCfg = Debug|Any CPU
		{3B482CC6-75F2-462A-B6DA-D79EEB29AF02}.Debug|Any CPU.Build.0 = Debug|Any CPU
		{3B482CC6-75F2-462A-B6DA-D79EEB29AF02}.Release|Any CPU.ActiveCfg = Release|Any CPU
		{3B482CC6-75F2-462A-B6DA-D79EEB29AF02}.Release|Any CPU.Build.0 = Release|Any CPU
	EndGlobalSection
EndGlobal
